
Microsoft Visual Studio Solution File, Format Version 12.00
# Visual Studio 14
VisualStudioVersion = 14.0.25420.1
MinimumVisualStudioVersion = 10.0.40219.1
Project("{FAE04EC0-301F-11D3-BF4B-00C04F79EFBC}") = "Ppgz.Mvc", "Ppgz.Mvc\Ppgz.Mvc.csproj", "{06B18518-CB18-44DE-931D-511ECF6278D7}"
EndProject
Project("{2150E333-8FDC-42A3-9474-1A3956D46DE8}") = "Presentation", "Presentation", "{85D8AAE3-D755-4D9E-BF1A-2709DC00D7B1}"
EndProject
Project("{2150E333-8FDC-42A3-9474-1A3956D46DE8}") = "Core", "Core", "{A61D4F11-DB81-4363-B6E1-9B497753B87D}"
EndProject
Project("{2150E333-8FDC-42A3-9474-1A3956D46DE8}") = "Bll", "Bll", "{79F1308B-9579-4DC4-B061-13DD4FFFBD0F}"
EndProject
Project("{FAE04EC0-301F-11D3-BF4B-00C04F79EFBC}") = "Ppgz.Contract", "Ppgz.Contract\Ppgz.Contract.csproj", "{5BFB37C3-F336-481E-A9D7-508D52D7A2C0}"
EndProject
Project("{FAE04EC0-301F-11D3-BF4B-00C04F79EFBC}") = "Ppgz.Services", "Ppgz.Services\Ppgz.Services.csproj", "{7A06D69C-0BA5-4FC8-9140-69D0D2C76408}"
EndProject
Project("{FAE04EC0-301F-11D3-BF4B-00C04F79EFBC}") = "Ppgz.Domain", "Ppgz.Domain\Ppgz.Domain.csproj", "{4D352B24-D059-44E3-873E-B47DDE3E20DA}"
EndProject
Project("{FAE04EC0-301F-11D3-BF4B-00C04F79EFBC}") = "Ppgz.Repository", "Ppgz.Repository\Ppgz.Repository.csproj", "{805197A6-6948-483E-A738-7AE7745AC953}"
EndProject
Project("{FAE04EC0-301F-11D3-BF4B-00C04F79EFBC}") = "Ppgz.EfRepository", "Ppgz.EfRepository\Ppgz.EfRepository.csproj", "{8994372B-D564-43FF-8994-36385E0B49ED}"
EndProject
Global
	GlobalSection(SolutionConfigurationPlatforms) = preSolution
		Debug|Any CPU = Debug|Any CPU
		Release|Any CPU = Release|Any CPU
	EndGlobalSection
	GlobalSection(ProjectConfigurationPlatforms) = postSolution
		{06B18518-CB18-44DE-931D-511ECF6278D7}.Debug|Any CPU.ActiveCfg = Debug|Any CPU
		{06B18518-CB18-44DE-931D-511ECF6278D7}.Debug|Any CPU.Build.0 = Debug|Any CPU
		{06B18518-CB18-44DE-931D-511ECF6278D7}.Release|Any CPU.ActiveCfg = Release|Any CPU
		{06B18518-CB18-44DE-931D-511ECF6278D7}.Release|Any CPU.Build.0 = Release|Any CPU
		{5BFB37C3-F336-481E-A9D7-508D52D7A2C0}.Debug|Any CPU.ActiveCfg = Debug|Any CPU
		{5BFB37C3-F336-481E-A9D7-508D52D7A2C0}.Debug|Any CPU.Build.0 = Debug|Any CPU
		{5BFB37C3-F336-481E-A9D7-508D52D7A2C0}.Release|Any CPU.ActiveCfg = Release|Any CPU
		{5BFB37C3-F336-481E-A9D7-508D52D7A2C0}.Release|Any CPU.Build.0 = Release|Any CPU
		{7A06D69C-0BA5-4FC8-9140-69D0D2C76408}.Debug|Any CPU.ActiveCfg = Debug|Any CPU
		{7A06D69C-0BA5-4FC8-9140-69D0D2C76408}.Debug|Any CPU.Build.0 = Debug|Any CPU
		{7A06D69C-0BA5-4FC8-9140-69D0D2C76408}.Release|Any CPU.ActiveCfg = Release|Any CPU
		{7A06D69C-0BA5-4FC8-9140-69D0D2C76408}.Release|Any CPU.Build.0 = Release|Any CPU
		{4D352B24-D059-44E3-873E-B47DDE3E20DA}.Debug|Any CPU.ActiveCfg = Debug|Any CPU
		{4D352B24-D059-44E3-873E-B47DDE3E20DA}.Debug|Any CPU.Build.0 = Debug|Any CPU
		{4D352B24-D059-44E3-873E-B47DDE3E20DA}.Release|Any CPU.ActiveCfg = Release|Any CPU
		{4D352B24-D059-44E3-873E-B47DDE3E20DA}.Release|Any CPU.Build.0 = Release|Any CPU
		{805197A6-6948-483E-A738-7AE7745AC953}.Debug|Any CPU.ActiveCfg = Debug|Any CPU
		{805197A6-6948-483E-A738-7AE7745AC953}.Debug|Any CPU.Build.0 = Debug|Any CPU
		{805197A6-6948-483E-A738-7AE7745AC953}.Release|Any CPU.ActiveCfg = Release|Any CPU
		{805197A6-6948-483E-A738-7AE7745AC953}.Release|Any CPU.Build.0 = Release|Any CPU
		{8994372B-D564-43FF-8994-36385E0B49ED}.Debug|Any CPU.ActiveCfg = Debug|Any CPU
		{8994372B-D564-43FF-8994-36385E0B49ED}.Debug|Any CPU.Build.0 = Debug|Any CPU
		{8994372B-D564-43FF-8994-36385E0B49ED}.Release|Any CPU.ActiveCfg = Release|Any CPU
		{8994372B-D564-43FF-8994-36385E0B49ED}.Release|Any CPU.Build.0 = Release|Any CPU
	EndGlobalSection
	GlobalSection(SolutionProperties) = preSolution
		HideSolutionNode = FALSE
	EndGlobalSection
	GlobalSection(NestedProjects) = preSolution
		{06B18518-CB18-44DE-931D-511ECF6278D7} = {85D8AAE3-D755-4D9E-BF1A-2709DC00D7B1}
		{5BFB37C3-F336-481E-A9D7-508D52D7A2C0} = {79F1308B-9579-4DC4-B061-13DD4FFFBD0F}
		{7A06D69C-0BA5-4FC8-9140-69D0D2C76408} = {79F1308B-9579-4DC4-B061-13DD4FFFBD0F}
		{4D352B24-D059-44E3-873E-B47DDE3E20DA} = {A61D4F11-DB81-4363-B6E1-9B497753B87D}
		{805197A6-6948-483E-A738-7AE7745AC953} = {A61D4F11-DB81-4363-B6E1-9B497753B87D}
		{8994372B-D564-43FF-8994-36385E0B49ED} = {A61D4F11-DB81-4363-B6E1-9B497753B87D}
	EndGlobalSection
EndGlobal
