
Microsoft Visual Studio Solution File, Format Version 12.00
# Visual Studio 14
VisualStudioVersion = 14.0.25420.1
MinimumVisualStudioVersion = 10.0.40219.1
Project("{FAE04EC0-301F-11D3-BF4B-00C04F79EFBC}") = "Ppgz.Mvc", "Ppgz.Mvc\Ppgz.Mvc.csproj", "{06B18518-CB18-44DE-931D-511ECF6278D7}"
EndProject
Project("{FAE04EC0-301F-11D3-BF4B-00C04F79EFBC}") = "Ppgz.Bll", "Ppgz.Bll\Ppgz.Bll.csproj", "{A7A11943-D9C8-4B77-8317-E43DAE45CB98}"
EndProject
Project("{FAE04EC0-301F-11D3-BF4B-00C04F79EFBC}") = "Ppgz.Bol", "Ppgz.Bol\Ppgz.Bol.csproj", "{18CC1550-52D0-49A4-8D78-38DFEA833302}"
EndProject
Project("{FAE04EC0-301F-11D3-BF4B-00C04F79EFBC}") = "Ppgz.Dal", "Ppgz.Dal\Ppgz.Dal.csproj", "{CB9D1713-11EF-4E4C-A235-BB810D58357E}"
EndProject
Global
	GlobalSection(SolutionConfigurationPlatforms) = preSolution
		Debug|Any CPU = Debug|Any CPU
		Release|Any CPU = Release|Any CPU
	EndGlobalSection
	GlobalSection(ProjectConfigurationPlatforms) = postSolution
		{06B18518-CB18-44DE-931D-511ECF6278D7}.Debug|Any CPU.ActiveCfg = Debug|Any CPU
		{06B18518-CB18-44DE-931D-511ECF6278D7}.Debug|Any CPU.Build.0 = Debug|Any CPU
		{06B18518-CB18-44DE-931D-511ECF6278D7}.Release|Any CPU.ActiveCfg = Release|Any CPU
		{06B18518-CB18-44DE-931D-511ECF6278D7}.Release|Any CPU.Build.0 = Release|Any CPU
		{A7A11943-D9C8-4B77-8317-E43DAE45CB98}.Debug|Any CPU.ActiveCfg = Debug|Any CPU
		{A7A11943-D9C8-4B77-8317-E43DAE45CB98}.Debug|Any CPU.Build.0 = Debug|Any CPU
		{A7A11943-D9C8-4B77-8317-E43DAE45CB98}.Release|Any CPU.ActiveCfg = Release|Any CPU
		{A7A11943-D9C8-4B77-8317-E43DAE45CB98}.Release|Any CPU.Build.0 = Release|Any CPU
		{18CC1550-52D0-49A4-8D78-38DFEA833302}.Debug|Any CPU.ActiveCfg = Debug|Any CPU
		{18CC1550-52D0-49A4-8D78-38DFEA833302}.Debug|Any CPU.Build.0 = Debug|Any CPU
		{18CC1550-52D0-49A4-8D78-38DFEA833302}.Release|Any CPU.ActiveCfg = Release|Any CPU
		{18CC1550-52D0-49A4-8D78-38DFEA833302}.Release|Any CPU.Build.0 = Release|Any CPU
		{CB9D1713-11EF-4E4C-A235-BB810D58357E}.Debug|Any CPU.ActiveCfg = Debug|Any CPU
		{CB9D1713-11EF-4E4C-A235-BB810D58357E}.Debug|Any CPU.Build.0 = Debug|Any CPU
		{CB9D1713-11EF-4E4C-A235-BB810D58357E}.Release|Any CPU.ActiveCfg = Release|Any CPU
		{CB9D1713-11EF-4E4C-A235-BB810D58357E}.Release|Any CPU.Build.0 = Release|Any CPU
	EndGlobalSection
	GlobalSection(SolutionProperties) = preSolution
		HideSolutionNode = FALSE
	EndGlobalSection
EndGlobal
