
Microsoft Visual Studio Solution File, Format Version 12.00
# Visual Studio 2013
VisualStudioVersion = 12.0.21005.1
MinimumVisualStudioVersion = 10.0.40219.1
Project("{2150E333-8FDC-42A3-9474-1A3956D46DE8}") = "Presentation", "Presentation", "{85D8AAE3-D755-4D9E-BF1A-2709DC00D7B1}"
EndProject
Project("{2150E333-8FDC-42A3-9474-1A3956D46DE8}") = "DAL", "DAL", "{A61D4F11-DB81-4363-B6E1-9B497753B87D}"
EndProject
Project("{2150E333-8FDC-42A3-9474-1A3956D46DE8}") = "Bll", "Bll", "{79F1308B-9579-4DC4-B061-13DD4FFFBD0F}"
EndProject
Project("{FAE04EC0-301F-11D3-BF4B-00C04F79EFBC}") = "Ppgz.Services", "Ppgz.Services\Ppgz.Services.csproj", "{7A06D69C-0BA5-4FC8-9140-69D0D2C76408}"
EndProject
Project("{FAE04EC0-301F-11D3-BF4B-00C04F79EFBC}") = "Test", "Test\Test.csproj", "{2ECD66AA-9D65-4B34-AACA-293C76D8A222}"
EndProject
Project("{FAE04EC0-301F-11D3-BF4B-00C04F79EFBC}") = "Ppgz.Web", "Ppgz.Web\Ppgz.Web.csproj", "{B0DA3AE1-90D9-43E0-9886-74E7F0B032DB}"
EndProject
Project("{FAE04EC0-301F-11D3-BF4B-00C04F79EFBC}") = "Ppgz.Repository", "Ppgz.Repository\Ppgz.Repository.csproj", "{805197A6-6948-483E-A738-7AE7745AC953}"
EndProject
Project("{FAE04EC0-301F-11D3-BF4B-00C04F79EFBC}") = "SapWrapper", "SapWrapper\SapWrapper.csproj", "{FF45BCAC-FBF6-451B-B36D-39E22F4EA1E3}"
EndProject
Project("{FAE04EC0-301F-11D3-BF4B-00C04F79EFBC}") = "ScaleWrapper", "ScaleWrapper\ScaleWrapper.csproj", "{54171CF5-78C7-4B23-BC94-26BE97E34AA5}"
EndProject
Project("{FAE04EC0-301F-11D3-BF4B-00C04F79EFBC}") = "Ppgz.BatchFileProcessor", "Ppgz.BatchFileProcessor\Ppgz.BatchFileProcessor.csproj", "{A4A7C408-65EC-4E4C-A1C4-DF16355CA67E}"
EndProject
Project("{FAE04EC0-301F-11D3-BF4B-00C04F79EFBC}") = "Ppgz.CitaWrapper", "Ppgz.CitaWrapper\Ppgz.CitaWrapper.csproj", "{0DFD36C2-D8CF-48C7-B677-9372E11A62AF}"
EndProject
Project("{FAE04EC0-301F-11D3-BF4B-00C04F79EFBC}") = "SatWrapper", "SatWrapper\SatWrapper.csproj", "{183D2B79-0F95-48A5-9924-8B90EC0527E8}"
EndProject
Global
	GlobalSection(SolutionConfigurationPlatforms) = preSolution
		Debug|Any CPU = Debug|Any CPU
		Release|Any CPU = Release|Any CPU
	EndGlobalSection
	GlobalSection(ProjectConfigurationPlatforms) = postSolution
		{7A06D69C-0BA5-4FC8-9140-69D0D2C76408}.Debug|Any CPU.ActiveCfg = Debug|Any CPU
		{7A06D69C-0BA5-4FC8-9140-69D0D2C76408}.Debug|Any CPU.Build.0 = Debug|Any CPU
		{7A06D69C-0BA5-4FC8-9140-69D0D2C76408}.Release|Any CPU.ActiveCfg = Release|Any CPU
		{7A06D69C-0BA5-4FC8-9140-69D0D2C76408}.Release|Any CPU.Build.0 = Release|Any CPU
		{2ECD66AA-9D65-4B34-AACA-293C76D8A222}.Debug|Any CPU.ActiveCfg = Debug|Any CPU
		{2ECD66AA-9D65-4B34-AACA-293C76D8A222}.Debug|Any CPU.Build.0 = Debug|Any CPU
		{2ECD66AA-9D65-4B34-AACA-293C76D8A222}.Release|Any CPU.ActiveCfg = Release|Any CPU
		{2ECD66AA-9D65-4B34-AACA-293C76D8A222}.Release|Any CPU.Build.0 = Release|Any CPU
		{B0DA3AE1-90D9-43E0-9886-74E7F0B032DB}.Debug|Any CPU.ActiveCfg = Debug|Any CPU
		{B0DA3AE1-90D9-43E0-9886-74E7F0B032DB}.Debug|Any CPU.Build.0 = Debug|Any CPU
		{B0DA3AE1-90D9-43E0-9886-74E7F0B032DB}.Release|Any CPU.ActiveCfg = Release|Any CPU
		{B0DA3AE1-90D9-43E0-9886-74E7F0B032DB}.Release|Any CPU.Build.0 = Release|Any CPU
		{805197A6-6948-483E-A738-7AE7745AC953}.Debug|Any CPU.ActiveCfg = Debug|Any CPU
		{805197A6-6948-483E-A738-7AE7745AC953}.Debug|Any CPU.Build.0 = Debug|Any CPU
		{805197A6-6948-483E-A738-7AE7745AC953}.Release|Any CPU.ActiveCfg = Release|Any CPU
		{805197A6-6948-483E-A738-7AE7745AC953}.Release|Any CPU.Build.0 = Release|Any CPU
		{FF45BCAC-FBF6-451B-B36D-39E22F4EA1E3}.Debug|Any CPU.ActiveCfg = Debug|Any CPU
		{FF45BCAC-FBF6-451B-B36D-39E22F4EA1E3}.Debug|Any CPU.Build.0 = Debug|Any CPU
		{FF45BCAC-FBF6-451B-B36D-39E22F4EA1E3}.Release|Any CPU.ActiveCfg = Release|Any CPU
		{FF45BCAC-FBF6-451B-B36D-39E22F4EA1E3}.Release|Any CPU.Build.0 = Release|Any CPU
		{54171CF5-78C7-4B23-BC94-26BE97E34AA5}.Debug|Any CPU.ActiveCfg = Debug|Any CPU
		{54171CF5-78C7-4B23-BC94-26BE97E34AA5}.Debug|Any CPU.Build.0 = Debug|Any CPU
		{54171CF5-78C7-4B23-BC94-26BE97E34AA5}.Release|Any CPU.ActiveCfg = Release|Any CPU
		{54171CF5-78C7-4B23-BC94-26BE97E34AA5}.Release|Any CPU.Build.0 = Release|Any CPU
		{A4A7C408-65EC-4E4C-A1C4-DF16355CA67E}.Debug|Any CPU.ActiveCfg = Debug|Any CPU
		{A4A7C408-65EC-4E4C-A1C4-DF16355CA67E}.Debug|Any CPU.Build.0 = Debug|Any CPU
		{A4A7C408-65EC-4E4C-A1C4-DF16355CA67E}.Release|Any CPU.ActiveCfg = Release|Any CPU
		{A4A7C408-65EC-4E4C-A1C4-DF16355CA67E}.Release|Any CPU.Build.0 = Release|Any CPU
		{0DFD36C2-D8CF-48C7-B677-9372E11A62AF}.Debug|Any CPU.ActiveCfg = Debug|Any CPU
		{0DFD36C2-D8CF-48C7-B677-9372E11A62AF}.Debug|Any CPU.Build.0 = Debug|Any CPU
		{0DFD36C2-D8CF-48C7-B677-9372E11A62AF}.Release|Any CPU.ActiveCfg = Release|Any CPU
		{0DFD36C2-D8CF-48C7-B677-9372E11A62AF}.Release|Any CPU.Build.0 = Release|Any CPU
		{183D2B79-0F95-48A5-9924-8B90EC0527E8}.Debug|Any CPU.ActiveCfg = Debug|Any CPU
		{183D2B79-0F95-48A5-9924-8B90EC0527E8}.Debug|Any CPU.Build.0 = Debug|Any CPU
		{183D2B79-0F95-48A5-9924-8B90EC0527E8}.Release|Any CPU.ActiveCfg = Release|Any CPU
		{183D2B79-0F95-48A5-9924-8B90EC0527E8}.Release|Any CPU.Build.0 = Release|Any CPU
	EndGlobalSection
	GlobalSection(SolutionProperties) = preSolution
		HideSolutionNode = FALSE
	EndGlobalSection
	GlobalSection(NestedProjects) = preSolution
		{B0DA3AE1-90D9-43E0-9886-74E7F0B032DB} = {85D8AAE3-D755-4D9E-BF1A-2709DC00D7B1}
		{805197A6-6948-483E-A738-7AE7745AC953} = {A61D4F11-DB81-4363-B6E1-9B497753B87D}
		{FF45BCAC-FBF6-451B-B36D-39E22F4EA1E3} = {A61D4F11-DB81-4363-B6E1-9B497753B87D}
		{54171CF5-78C7-4B23-BC94-26BE97E34AA5} = {A61D4F11-DB81-4363-B6E1-9B497753B87D}
		{183D2B79-0F95-48A5-9924-8B90EC0527E8} = {A61D4F11-DB81-4363-B6E1-9B497753B87D}
		{7A06D69C-0BA5-4FC8-9140-69D0D2C76408} = {79F1308B-9579-4DC4-B061-13DD4FFFBD0F}
		{0DFD36C2-D8CF-48C7-B677-9372E11A62AF} = {79F1308B-9579-4DC4-B061-13DD4FFFBD0F}
	EndGlobalSection
EndGlobal
